
Microsoft Visual Studio Solution File, Format Version 12.00
# Visual Studio Version 16
VisualStudioVersion = 16.0.31424.327
MinimumVisualStudioVersion = 10.0.40219.1
Project("{FAE04EC0-301F-11D3-BF4B-00C04F79EFBC}") = "EquiposNBA", "EquiposNBA\EquiposNBA.csproj", "{6A80929E-26FD-4B49-BAC5-7AD8BF92DBD6}"
EndProject
Global
	GlobalSection(SolutionConfigurationPlatforms) = preSolution
		Debug|Any CPU = Debug|Any CPU
		Release|Any CPU = Release|Any CPU
	EndGlobalSection
	GlobalSection(ProjectConfigurationPlatforms) = postSolution
		{6A80929E-26FD-4B49-BAC5-7AD8BF92DBD6}.Debug|Any CPU.ActiveCfg = Debug|Any CPU
		{6A80929E-26FD-4B49-BAC5-7AD8BF92DBD6}.Debug|Any CPU.Build.0 = Debug|Any CPU
		{6A80929E-26FD-4B49-BAC5-7AD8BF92DBD6}.Release|Any CPU.ActiveCfg = Release|Any CPU
		{6A80929E-26FD-4B49-BAC5-7AD8BF92DBD6}.Release|Any CPU.Build.0 = Release|Any CPU
	EndGlobalSection
	GlobalSection(SolutionProperties) = preSolution
		HideSolutionNode = FALSE
	EndGlobalSection
	GlobalSection(ExtensibilityGlobals) = postSolution
		SolutionGuid = {2B1C9BD3-7941-46CE-8C82-BF24C8CF1F72}
	EndGlobalSection
EndGlobal
